// !$*UTF8*$!
{
	archiveVersion = 1;
	classes = {
	};
	objectVersion = 48;
	objects = {

/* Begin PBXBuildFile section */
		21822BBB739DF0A7DBCC3EA9 /* Pods_ISX.framework in Frameworks */ = {isa = PBXBuildFile; fileRef = C38D4E50F0AF0B51E25C71B6 /* Pods_ISX.framework */; };
		240D972F1FE12E07000EAEA5 /* HousesViewController.swift in Sources */ = {isa = PBXBuildFile; fileRef = 240D972E1FE12E07000EAEA5 /* HousesViewController.swift */; };
		240D97311FE12EBE000EAEA5 /* HouseCell.swift in Sources */ = {isa = PBXBuildFile; fileRef = 240D97301FE12EBE000EAEA5 /* HouseCell.swift */; };
		240D97331FE139AC000EAEA5 /* HouseInfoViewController.swift in Sources */ = {isa = PBXBuildFile; fileRef = 240D97321FE139AC000EAEA5 /* HouseInfoViewController.swift */; };
		240F1A041F8CF36200702B4B /* Constants.swift in Sources */ = {isa = PBXBuildFile; fileRef = 240F1A031F8CF36200702B4B /* Constants.swift */; };
		2423D9101FB1F3AB00D5EF17 /* BridgingHeader.h in Headers */ = {isa = PBXBuildFile; fileRef = D5C19FE21FA9CDA800CCFFF7 /* BridgingHeader.h */; settings = {ATTRIBUTES = (Public, ); }; };
		24386E7B1FE96B1D00252D4C /* House.swift in Sources */ = {isa = PBXBuildFile; fileRef = 24386E7A1FE96B1D00252D4C /* House.swift */; };
		2476D9C81F839FC200686C1E /* SuggestionCell.swift in Sources */ = {isa = PBXBuildFile; fileRef = 2476D9C71F839FC200686C1E /* SuggestionCell.swift */; };
		2476DCA41F838B2A00E5B03F /* HomeViewController.swift in Sources */ = {isa = PBXBuildFile; fileRef = 2476DCA31F838B2A00E5B03F /* HomeViewController.swift */; };
		85CB40592B865CF93D261EF9 /* Pods_ISX_ISX_CabinCrew.framework in Frameworks */ = {isa = PBXBuildFile; fileRef = D024177099EE7950E6490A78 /* Pods_ISX_ISX_CabinCrew.framework */; };
		9A0A4CC31FBB4CD700F20758 /* HomeCollectionViewHeader.swift in Sources */ = {isa = PBXBuildFile; fileRef = 9A0A4CC21FBB4CD700F20758 /* HomeCollectionViewHeader.swift */; };
		9A3883B41FA8BAEE00601EDD /* LaunchScreen.storyboard in Resources */ = {isa = PBXBuildFile; fileRef = 9A3883B21FA8BAEE00601EDD /* LaunchScreen.storyboard */; };
		9A3883BE1FA8BCB900601EDD /* Constants.swift in Sources */ = {isa = PBXBuildFile; fileRef = 240F1A031F8CF36200702B4B /* Constants.swift */; };
		9A3883C11FA8BCDA00601EDD /* LoginViewController.swift in Sources */ = {isa = PBXBuildFile; fileRef = A4250F711F83848A0069C483 /* LoginViewController.swift */; };
		9A3883C31FA8BD4100601EDD /* Product.swift in Sources */ = {isa = PBXBuildFile; fileRef = 9ADCF9AF1F7B9CCA00DB3C5A /* Product.swift */; };
		9A3883C41FA8BD4A00601EDD /* CabinCrew.storyboard in Resources */ = {isa = PBXBuildFile; fileRef = 9A535EA31F84E121000AF927 /* CabinCrew.storyboard */; };
		9A3883C51FA8BD4F00601EDD /* CabinCrewViewController.swift in Sources */ = {isa = PBXBuildFile; fileRef = 9A535EA61F84E164000AF927 /* CabinCrewViewController.swift */; };
		9A3883C71FA8BE5A00601EDD /* Pods_ISX.framework in Frameworks */ = {isa = PBXBuildFile; fileRef = 9A3883C81FA8BE5A00601EDD /* Pods_ISX.framework */; };
		9A3883CC1FA8C28200601EDD /* Main.storyboard in Resources */ = {isa = PBXBuildFile; fileRef = 9ADCF9811F7A95F400DB3C5A /* Main.storyboard */; };
		9A3883CF1FA8C6DB00601EDD /* Category.swift in Sources */ = {isa = PBXBuildFile; fileRef = D530E3251F9747A500899DAB /* Category.swift */; };
		9A4CB8962004F1D400E56179 /* searchCell.xib in Resources */ = {isa = PBXBuildFile; fileRef = A4CADA861FE15ABC003F2DDA /* searchCell.xib */; };
		9A5383901FCD6AA20018B16C /* popupView.xib in Resources */ = {isa = PBXBuildFile; fileRef = 9A53838F1FCD6AA20018B16C /* popupView.xib */; };
		9A5383921FCD6ED50018B16C /* PopupViewController.swift in Sources */ = {isa = PBXBuildFile; fileRef = 9A5383911FCD6ED50018B16C /* PopupViewController.swift */; };
		9A5383941FCEED030018B16C /* AppDelegate.swift in Sources */ = {isa = PBXBuildFile; fileRef = 9A5383931FCEED030018B16C /* AppDelegate.swift */; };
		9A7003CE1FCF64F500D2F769 /* Products.storyboard in Resources */ = {isa = PBXBuildFile; fileRef = D59398601F8386B000FD3BB0 /* Products.storyboard */; };
		9A74EEC01FC5C77B00411548 /* GoogleService-Info.plist in Resources */ = {isa = PBXBuildFile; fileRef = 9A74EEBF1FC5C77B00411548 /* GoogleService-Info.plist */; };
		9A8C72CC1FAB71E400322F8B /* art.scnassets in Resources */ = {isa = PBXBuildFile; fileRef = 9A8C72CB1FAB71E400322F8B /* art.scnassets */; };
		9A8C72CE1FAB761B00322F8B /* ARViewController.swift in Sources */ = {isa = PBXBuildFile; fileRef = 9A8C72CD1FAB761B00322F8B /* ARViewController.swift */; };
		9A8E617E1F8CCC6100E9C5BB /* FavoritesViewController.swift in Sources */ = {isa = PBXBuildFile; fileRef = 9A8E617D1F8CCC6100E9C5BB /* FavoritesViewController.swift */; };
		9ADCF97E1F7A95F400DB3C5A /* AppDelegate.swift in Sources */ = {isa = PBXBuildFile; fileRef = 9ADCF97D1F7A95F400DB3C5A /* AppDelegate.swift */; };
		9ADCF9AC1F7A98D100DB3C5A /* GoogleService-Info.plist in Resources */ = {isa = PBXBuildFile; fileRef = 9ADCF9AB1F7A979400DB3C5A /* GoogleService-Info.plist */; };
		9ADCF9B01F7B9CCA00DB3C5A /* Product.swift in Sources */ = {isa = PBXBuildFile; fileRef = 9ADCF9AF1F7B9CCA00DB3C5A /* Product.swift */; };
		9AE3B66C1FD30C7700F90EC4 /* WebViewController.swift in Sources */ = {isa = PBXBuildFile; fileRef = 9AE3B66B1FD30C7700F90EC4 /* WebViewController.swift */; };
		9AE3B66F1FD3480100F90EC4 /* Assets.xcassets in Resources */ = {isa = PBXBuildFile; fileRef = 9ADCF9841F7A95F400DB3C5A /* Assets.xcassets */; };
		9AE3B6711FD3480C00F90EC4 /* Assets.xcassets in Resources */ = {isa = PBXBuildFile; fileRef = 9ADCF9841F7A95F400DB3C5A /* Assets.xcassets */; };
		9AF872F61FB2204D0068C349 /* Favorites.storyboard in Resources */ = {isa = PBXBuildFile; fileRef = 9AF872F51FB2204D0068C349 /* Favorites.storyboard */; };
		9AF872F71FB2204D0068C349 /* Favorites.storyboard in Resources */ = {isa = PBXBuildFile; fileRef = 9AF872F51FB2204D0068C349 /* Favorites.storyboard */; };
		A431DE431FA9F65000086182 /* Launch Screen.storyboard in Resources */ = {isa = PBXBuildFile; fileRef = A431DE421FA9F65000086182 /* Launch Screen.storyboard */; };
		A431DE441FA9F65000086182 /* Launch Screen.storyboard in Resources */ = {isa = PBXBuildFile; fileRef = A431DE421FA9F65000086182 /* Launch Screen.storyboard */; };
		A431DE461FA9F68C00086182 /* Request.swift in Sources */ = {isa = PBXBuildFile; fileRef = A431DE451FA9F68C00086182 /* Request.swift */; };
		A431DE471FA9F68C00086182 /* Request.swift in Sources */ = {isa = PBXBuildFile; fileRef = A431DE451FA9F68C00086182 /* Request.swift */; };
		A431DE4D1FA9F6B200086182 /* RequestCell.swift in Sources */ = {isa = PBXBuildFile; fileRef = A431DE4B1FA9F6B200086182 /* RequestCell.swift */; };
		A431DE4E1FA9F6B200086182 /* RequestCell.swift in Sources */ = {isa = PBXBuildFile; fileRef = A431DE4B1FA9F6B200086182 /* RequestCell.swift */; };
		A431DE4F1FA9F6B200086182 /* FavoritesCell.swift in Sources */ = {isa = PBXBuildFile; fileRef = A431DE4C1FA9F6B200086182 /* FavoritesCell.swift */; };
		A431DE501FA9F6B200086182 /* FavoritesCell.swift in Sources */ = {isa = PBXBuildFile; fileRef = A431DE4C1FA9F6B200086182 /* FavoritesCell.swift */; };
		A458C9B61FA9DC4800F970DD /* GoogleService-Info.plist in Resources */ = {isa = PBXBuildFile; fileRef = 9ADCF9AB1F7A979400DB3C5A /* GoogleService-Info.plist */; };
		A47314981FC57A66007BB279 /* ProgressBarCell.swift in Sources */ = {isa = PBXBuildFile; fileRef = A4AB1C3E1FC4658500E63D8D /* ProgressBarCell.swift */; };
		A473149A1FC5AAA6007BB279 /* Flight.swift in Sources */ = {isa = PBXBuildFile; fileRef = A47314991FC5AAA6007BB279 /* Flight.swift */; };
		A473149B1FC5C03B007BB279 /* Flight.swift in Sources */ = {isa = PBXBuildFile; fileRef = A47314991FC5AAA6007BB279 /* Flight.swift */; };
		A4B0B9B51F964409005D1291 /* SearchViewController.swift in Sources */ = {isa = PBXBuildFile; fileRef = A4B0B9B41F964409005D1291 /* SearchViewController.swift */; };
		A4CADA871FE15ABC003F2DDA /* SearchCell.swift in Sources */ = {isa = PBXBuildFile; fileRef = A4CADA851FE15ABC003F2DDA /* SearchCell.swift */; };
		D50179DD1FCDBB2800496950 /* ProductInfoCell.swift in Sources */ = {isa = PBXBuildFile; fileRef = D50179DB1FCDBB0700496950 /* ProductInfoCell.swift */; };
		D50179E41FCECD9900496950 /* LocationInfoCell.swift in Sources */ = {isa = PBXBuildFile; fileRef = D50179DE1FCEC8D500496950 /* LocationInfoCell.swift */; };
		D501D0F21F8CDE2E007E8B2D /* ProductCell.swift in Sources */ = {isa = PBXBuildFile; fileRef = D501D0F11F8CDE2E007E8B2D /* ProductCell.swift */; };
		D50553A61FEBB56400528ACB /* RequestDetail.swift in Sources */ = {isa = PBXBuildFile; fileRef = D50553A51FEBB56400528ACB /* RequestDetail.swift */; };
		D50553A71FEBB56400528ACB /* RequestDetail.swift in Sources */ = {isa = PBXBuildFile; fileRef = D50553A51FEBB56400528ACB /* RequestDetail.swift */; };
		D50A9A961FA9DA6600F697D1 /* BridgingHeader.h in Headers */ = {isa = PBXBuildFile; fileRef = D5C19FE21FA9CDA800CCFFF7 /* BridgingHeader.h */; settings = {ATTRIBUTES = (Public, ); }; };
		D50A9A991FA9F23E00F697D1 /* GoogleAnalyticsHelper.swift in Sources */ = {isa = PBXBuildFile; fileRef = D50A9A971FA9DF6300F697D1 /* GoogleAnalyticsHelper.swift */; };
		D511FAB41FE023DC0088A420 /* popupView.xib in Resources */ = {isa = PBXBuildFile; fileRef = 9A53838F1FCD6AA20018B16C /* popupView.xib */; };
		D511FAB61FE024140088A420 /* requestPopupView.xib in Resources */ = {isa = PBXBuildFile; fileRef = D511FAB51FE024140088A420 /* requestPopupView.xib */; };
		D511FAB91FE027A50088A420 /* RequestPopupViewController.swift in Sources */ = {isa = PBXBuildFile; fileRef = D511FAB81FE027A50088A420 /* RequestPopupViewController.swift */; };
		D530E3261F9747A500899DAB /* Category.swift in Sources */ = {isa = PBXBuildFile; fileRef = D530E3251F9747A500899DAB /* Category.swift */; };
		D54B91DC1FEBE70800CA1040 /* RequestFavoritesViewcontroller.swift in Sources */ = {isa = PBXBuildFile; fileRef = D54B91DB1FEBE70800CA1040 /* RequestFavoritesViewcontroller.swift */; };
		D565BF4C1F8E138800C922D7 /* ProductInfoController.swift in Sources */ = {isa = PBXBuildFile; fileRef = D565BF4B1F8E138800C922D7 /* ProductInfoController.swift */; };
		D59398611F8386B000FD3BB0 /* Products.storyboard in Resources */ = {isa = PBXBuildFile; fileRef = D59398601F8386B000FD3BB0 /* Products.storyboard */; };
		D59398631F838AED00FD3BB0 /* CategoriesViewController.swift in Sources */ = {isa = PBXBuildFile; fileRef = D59398621F838AED00FD3BB0 /* CategoriesViewController.swift */; };
		D59398671F8397D200FD3BB0 /* CategoryCell.swift in Sources */ = {isa = PBXBuildFile; fileRef = D59398661F8397D200FD3BB0 /* CategoryCell.swift */; };
		D59398691F84F13E00FD3BB0 /* ProductsViewController.swift in Sources */ = {isa = PBXBuildFile; fileRef = D59398681F84F13E00FD3BB0 /* ProductsViewController.swift */; };
		D5968A981FC458A700EC4C4E /* RequestDetailViewController.swift in Sources */ = {isa = PBXBuildFile; fileRef = D5968A961FC4581300EC4C4E /* RequestDetailViewController.swift */; };
		D5AC6D671FB31256003378F1 /* Favorite.swift in Sources */ = {isa = PBXBuildFile; fileRef = D5AC6D661FB31256003378F1 /* Favorite.swift */; };
		D5BD81881FCD680B00FB99C4 /* CCFavoritesCell.swift in Sources */ = {isa = PBXBuildFile; fileRef = D5BD81861FCD680600FB99C4 /* CCFavoritesCell.swift */; };
		D5BD81891FCD73E900FB99C4 /* Favorite.swift in Sources */ = {isa = PBXBuildFile; fileRef = D5AC6D661FB31256003378F1 /* Favorite.swift */; };
		D5E894EA1FD6FF1C00626057 /* ProductDetailCell.swift in Sources */ = {isa = PBXBuildFile; fileRef = D5E894E91FD6FF1C00626057 /* ProductDetailCell.swift */; };
/* End PBXBuildFile section */

/* Begin PBXFileReference section */
		18D772D564BF10BE68A5145E /* Pods-ISXUITests.debug.xcconfig */ = {isa = PBXFileReference; includeInIndex = 1; lastKnownFileType = text.xcconfig; name = "Pods-ISXUITests.debug.xcconfig"; path = "Pods/Target Support Files/Pods-ISXUITests/Pods-ISXUITests.debug.xcconfig"; sourceTree = "<group>"; };
		240D972E1FE12E07000EAEA5 /* HousesViewController.swift */ = {isa = PBXFileReference; lastKnownFileType = sourcecode.swift; path = HousesViewController.swift; sourceTree = "<group>"; };
		240D97301FE12EBE000EAEA5 /* HouseCell.swift */ = {isa = PBXFileReference; lastKnownFileType = sourcecode.swift; path = HouseCell.swift; sourceTree = "<group>"; };
		240D97321FE139AC000EAEA5 /* HouseInfoViewController.swift */ = {isa = PBXFileReference; lastKnownFileType = sourcecode.swift; path = HouseInfoViewController.swift; sourceTree = "<group>"; };
		240F1A031F8CF36200702B4B /* Constants.swift */ = {isa = PBXFileReference; lastKnownFileType = sourcecode.swift; path = Constants.swift; sourceTree = "<group>"; };
		24386E7A1FE96B1D00252D4C /* House.swift */ = {isa = PBXFileReference; lastKnownFileType = sourcecode.swift; path = House.swift; sourceTree = "<group>"; };
		2476D9C71F839FC200686C1E /* SuggestionCell.swift */ = {isa = PBXFileReference; lastKnownFileType = sourcecode.swift; path = SuggestionCell.swift; sourceTree = "<group>"; };
		2476DCA31F838B2A00E5B03F /* HomeViewController.swift */ = {isa = PBXFileReference; lastKnownFileType = sourcecode.swift; path = HomeViewController.swift; sourceTree = "<group>"; };
		510F5BF1DDADDA8962F02269 /* Pods-ISX-ISX-CabinCrew.release.xcconfig */ = {isa = PBXFileReference; includeInIndex = 1; lastKnownFileType = text.xcconfig; name = "Pods-ISX-ISX-CabinCrew.release.xcconfig"; path = "Pods/Target Support Files/Pods-ISX-ISX-CabinCrew/Pods-ISX-ISX-CabinCrew.release.xcconfig"; sourceTree = "<group>"; };
		5CDAECF6339464562D6F26FD /* Pods-ISX.debug.xcconfig */ = {isa = PBXFileReference; includeInIndex = 1; lastKnownFileType = text.xcconfig; name = "Pods-ISX.debug.xcconfig"; path = "Pods/Target Support Files/Pods-ISX/Pods-ISX.debug.xcconfig"; sourceTree = "<group>"; };
		6CE845F22957F29FC7F91E47 /* Pods-ISX.release.xcconfig */ = {isa = PBXFileReference; includeInIndex = 1; lastKnownFileType = text.xcconfig; name = "Pods-ISX.release.xcconfig"; path = "Pods/Target Support Files/Pods-ISX/Pods-ISX.release.xcconfig"; sourceTree = "<group>"; };
		9A0A4CC21FBB4CD700F20758 /* HomeCollectionViewHeader.swift */ = {isa = PBXFileReference; lastKnownFileType = sourcecode.swift; path = HomeCollectionViewHeader.swift; sourceTree = "<group>"; };
		9A3883A71FA8BAEE00601EDD /* ISX-CabinCrew.app */ = {isa = PBXFileReference; explicitFileType = wrapper.application; includeInIndex = 0; path = "ISX-CabinCrew.app"; sourceTree = BUILT_PRODUCTS_DIR; };
		9A3883B31FA8BAEE00601EDD /* Base */ = {isa = PBXFileReference; lastKnownFileType = file.storyboard; name = Base; path = Base.lproj/LaunchScreen.storyboard; sourceTree = "<group>"; };
		9A3883B51FA8BAEE00601EDD /* Info.plist */ = {isa = PBXFileReference; lastKnownFileType = text.plist.xml; path = Info.plist; sourceTree = "<group>"; };
		9A3883C81FA8BE5A00601EDD /* Pods_ISX.framework */ = {isa = PBXFileReference; explicitFileType = wrapper.framework; path = Pods_ISX.framework; sourceTree = BUILT_PRODUCTS_DIR; };
		9A535EA41F84E121000AF927 /* Base */ = {isa = PBXFileReference; lastKnownFileType = file.storyboard; name = Base; path = Base.lproj/CabinCrew.storyboard; sourceTree = "<group>"; };
		9A535EA61F84E164000AF927 /* CabinCrewViewController.swift */ = {isa = PBXFileReference; lastKnownFileType = sourcecode.swift; path = CabinCrewViewController.swift; sourceTree = "<group>"; };
		9A53838F1FCD6AA20018B16C /* popupView.xib */ = {isa = PBXFileReference; lastKnownFileType = file.xib; path = popupView.xib; sourceTree = "<group>"; };
		9A5383911FCD6ED50018B16C /* PopupViewController.swift */ = {isa = PBXFileReference; lastKnownFileType = sourcecode.swift; path = PopupViewController.swift; sourceTree = "<group>"; };
		9A5383931FCEED030018B16C /* AppDelegate.swift */ = {isa = PBXFileReference; lastKnownFileType = sourcecode.swift; path = AppDelegate.swift; sourceTree = "<group>"; };
		9A74EEBF1FC5C77B00411548 /* GoogleService-Info.plist */ = {isa = PBXFileReference; fileEncoding = 4; lastKnownFileType = text.plist.xml; path = "GoogleService-Info.plist"; sourceTree = "<group>"; };
		9A74EEC11FC5C89C00411548 /* ISX-CabinCrew.entitlements */ = {isa = PBXFileReference; lastKnownFileType = text.plist.entitlements; path = "ISX-CabinCrew.entitlements"; sourceTree = "<group>"; };
		9A8C72CB1FAB71E400322F8B /* art.scnassets */ = {isa = PBXFileReference; lastKnownFileType = wrapper.scnassets; path = art.scnassets; sourceTree = "<group>"; };
		9A8C72CD1FAB761B00322F8B /* ARViewController.swift */ = {isa = PBXFileReference; lastKnownFileType = sourcecode.swift; path = ARViewController.swift; sourceTree = "<group>"; };
		9A8E61791F8CC07600E9C5BB /* Favorites.storyboard */ = {isa = PBXFileReference; lastKnownFileType = file.storyboard; path = Favorites.storyboard; sourceTree = "<group>"; };
		9A8E617D1F8CCC6100E9C5BB /* FavoritesViewController.swift */ = {isa = PBXFileReference; lastKnownFileType = sourcecode.swift; path = FavoritesViewController.swift; sourceTree = "<group>"; };
		9ADCF97A1F7A95F400DB3C5A /* ISX.app */ = {isa = PBXFileReference; explicitFileType = wrapper.application; includeInIndex = 0; path = ISX.app; sourceTree = BUILT_PRODUCTS_DIR; };
		9ADCF97D1F7A95F400DB3C5A /* AppDelegate.swift */ = {isa = PBXFileReference; lastKnownFileType = sourcecode.swift; path = AppDelegate.swift; sourceTree = "<group>"; };
		9ADCF9821F7A95F400DB3C5A /* Base */ = {isa = PBXFileReference; lastKnownFileType = file.storyboard; name = Base; path = Base.lproj/Main.storyboard; sourceTree = "<group>"; };
		9ADCF9841F7A95F400DB3C5A /* Assets.xcassets */ = {isa = PBXFileReference; lastKnownFileType = folder.assetcatalog; path = Assets.xcassets; sourceTree = "<group>"; };
		9ADCF9891F7A95F400DB3C5A /* Info.plist */ = {isa = PBXFileReference; lastKnownFileType = text.plist.xml; path = Info.plist; sourceTree = "<group>"; };
		9ADCF9AB1F7A979400DB3C5A /* GoogleService-Info.plist */ = {isa = PBXFileReference; lastKnownFileType = text.plist.xml; path = "GoogleService-Info.plist"; sourceTree = "<group>"; };
		9ADCF9AF1F7B9CCA00DB3C5A /* Product.swift */ = {isa = PBXFileReference; lastKnownFileType = sourcecode.swift; path = Product.swift; sourceTree = "<group>"; };
		9AE3B66B1FD30C7700F90EC4 /* WebViewController.swift */ = {isa = PBXFileReference; lastKnownFileType = sourcecode.swift; path = WebViewController.swift; sourceTree = "<group>"; };
		9AF872F51FB2204D0068C349 /* Favorites.storyboard */ = {isa = PBXFileReference; lastKnownFileType = file.storyboard; path = Favorites.storyboard; sourceTree = "<group>"; };
		A4250F711F83848A0069C483 /* LoginViewController.swift */ = {isa = PBXFileReference; lastKnownFileType = sourcecode.swift; path = LoginViewController.swift; sourceTree = "<group>"; };
		A431DE421FA9F65000086182 /* Launch Screen.storyboard */ = {isa = PBXFileReference; fileEncoding = 4; lastKnownFileType = file.storyboard; path = "Launch Screen.storyboard"; sourceTree = "<group>"; };
		A431DE451FA9F68C00086182 /* Request.swift */ = {isa = PBXFileReference; fileEncoding = 4; lastKnownFileType = sourcecode.swift; path = Request.swift; sourceTree = "<group>"; };
		A431DE4B1FA9F6B200086182 /* RequestCell.swift */ = {isa = PBXFileReference; fileEncoding = 4; lastKnownFileType = sourcecode.swift; path = RequestCell.swift; sourceTree = "<group>"; };
		A431DE4C1FA9F6B200086182 /* FavoritesCell.swift */ = {isa = PBXFileReference; fileEncoding = 4; lastKnownFileType = sourcecode.swift; path = FavoritesCell.swift; sourceTree = "<group>"; };
		A47314991FC5AAA6007BB279 /* Flight.swift */ = {isa = PBXFileReference; lastKnownFileType = sourcecode.swift; path = Flight.swift; sourceTree = "<group>"; };
		A4AB1C3E1FC4658500E63D8D /* ProgressBarCell.swift */ = {isa = PBXFileReference; lastKnownFileType = sourcecode.swift; path = ProgressBarCell.swift; sourceTree = "<group>"; };
		A4B0B9B41F964409005D1291 /* SearchViewController.swift */ = {isa = PBXFileReference; lastKnownFileType = sourcecode.swift; path = SearchViewController.swift; sourceTree = "<group>"; };
		A4CADA851FE15ABC003F2DDA /* SearchCell.swift */ = {isa = PBXFileReference; lastKnownFileType = sourcecode.swift; path = SearchCell.swift; sourceTree = "<group>"; };
		A4CADA861FE15ABC003F2DDA /* searchCell.xib */ = {isa = PBXFileReference; lastKnownFileType = file.xib; path = searchCell.xib; sourceTree = "<group>"; };
		C38D4E50F0AF0B51E25C71B6 /* Pods_ISX.framework */ = {isa = PBXFileReference; explicitFileType = wrapper.framework; includeInIndex = 0; path = Pods_ISX.framework; sourceTree = BUILT_PRODUCTS_DIR; };
		C593B991095988968F1A1104 /* Pods-ISXTests.release.xcconfig */ = {isa = PBXFileReference; includeInIndex = 1; lastKnownFileType = text.xcconfig; name = "Pods-ISXTests.release.xcconfig"; path = "Pods/Target Support Files/Pods-ISXTests/Pods-ISXTests.release.xcconfig"; sourceTree = "<group>"; };
		D024177099EE7950E6490A78 /* Pods_ISX_ISX_CabinCrew.framework */ = {isa = PBXFileReference; explicitFileType = wrapper.framework; includeInIndex = 0; path = Pods_ISX_ISX_CabinCrew.framework; sourceTree = BUILT_PRODUCTS_DIR; };
		D50179DB1FCDBB0700496950 /* ProductInfoCell.swift */ = {isa = PBXFileReference; lastKnownFileType = sourcecode.swift; path = ProductInfoCell.swift; sourceTree = "<group>"; };
		D50179DE1FCEC8D500496950 /* LocationInfoCell.swift */ = {isa = PBXFileReference; lastKnownFileType = sourcecode.swift; path = LocationInfoCell.swift; sourceTree = "<group>"; };
		D501D0F11F8CDE2E007E8B2D /* ProductCell.swift */ = {isa = PBXFileReference; lastKnownFileType = sourcecode.swift; path = ProductCell.swift; sourceTree = "<group>"; };
		D50553A51FEBB56400528ACB /* RequestDetail.swift */ = {isa = PBXFileReference; lastKnownFileType = sourcecode.swift; path = RequestDetail.swift; sourceTree = "<group>"; };
		D50A9A971FA9DF6300F697D1 /* GoogleAnalyticsHelper.swift */ = {isa = PBXFileReference; lastKnownFileType = sourcecode.swift; path = GoogleAnalyticsHelper.swift; sourceTree = "<group>"; };
		D511FAB51FE024140088A420 /* requestPopupView.xib */ = {isa = PBXFileReference; lastKnownFileType = file.xib; path = requestPopupView.xib; sourceTree = "<group>"; };
		D511FAB81FE027A50088A420 /* RequestPopupViewController.swift */ = {isa = PBXFileReference; lastKnownFileType = sourcecode.swift; path = RequestPopupViewController.swift; sourceTree = "<group>"; };
		D530E3251F9747A500899DAB /* Category.swift */ = {isa = PBXFileReference; lastKnownFileType = sourcecode.swift; path = Category.swift; sourceTree = "<group>"; };
		D54B91DB1FEBE70800CA1040 /* RequestFavoritesViewcontroller.swift */ = {isa = PBXFileReference; lastKnownFileType = sourcecode.swift; path = RequestFavoritesViewcontroller.swift; sourceTree = "<group>"; };
		D565BF4B1F8E138800C922D7 /* ProductInfoController.swift */ = {isa = PBXFileReference; lastKnownFileType = sourcecode.swift; path = ProductInfoController.swift; sourceTree = "<group>"; };
		D59398601F8386B000FD3BB0 /* Products.storyboard */ = {isa = PBXFileReference; lastKnownFileType = file.storyboard; path = Products.storyboard; sourceTree = "<group>"; };
		D59398621F838AED00FD3BB0 /* CategoriesViewController.swift */ = {isa = PBXFileReference; lastKnownFileType = sourcecode.swift; path = CategoriesViewController.swift; sourceTree = "<group>"; };
		D59398661F8397D200FD3BB0 /* CategoryCell.swift */ = {isa = PBXFileReference; lastKnownFileType = sourcecode.swift; path = CategoryCell.swift; sourceTree = "<group>"; };
		D59398681F84F13E00FD3BB0 /* ProductsViewController.swift */ = {isa = PBXFileReference; lastKnownFileType = sourcecode.swift; path = ProductsViewController.swift; sourceTree = "<group>"; };
		D5968A961FC4581300EC4C4E /* RequestDetailViewController.swift */ = {isa = PBXFileReference; lastKnownFileType = sourcecode.swift; path = RequestDetailViewController.swift; sourceTree = "<group>"; };
		D5AC6D661FB31256003378F1 /* Favorite.swift */ = {isa = PBXFileReference; lastKnownFileType = sourcecode.swift; path = Favorite.swift; sourceTree = "<group>"; };
		D5BD81861FCD680600FB99C4 /* CCFavoritesCell.swift */ = {isa = PBXFileReference; lastKnownFileType = sourcecode.swift; path = CCFavoritesCell.swift; sourceTree = "<group>"; };
		D5C19FE21FA9CDA800CCFFF7 /* BridgingHeader.h */ = {isa = PBXFileReference; lastKnownFileType = sourcecode.c.h; path = BridgingHeader.h; sourceTree = "<group>"; };
		D5E894E91FD6FF1C00626057 /* ProductDetailCell.swift */ = {isa = PBXFileReference; lastKnownFileType = sourcecode.swift; path = ProductDetailCell.swift; sourceTree = "<group>"; };
		F0A7686F6573F85C7822AF0A /* Pods-ISX-ISX-CabinCrew.debug.xcconfig */ = {isa = PBXFileReference; includeInIndex = 1; lastKnownFileType = text.xcconfig; name = "Pods-ISX-ISX-CabinCrew.debug.xcconfig"; path = "Pods/Target Support Files/Pods-ISX-ISX-CabinCrew/Pods-ISX-ISX-CabinCrew.debug.xcconfig"; sourceTree = "<group>"; };
/* End PBXFileReference section */

/* Begin PBXFrameworksBuildPhase section */
		9A3883A41FA8BAEE00601EDD /* Frameworks */ = {
			isa = PBXFrameworksBuildPhase;
			buildActionMask = 2147483647;
			files = (
				9A3883C71FA8BE5A00601EDD /* Pods_ISX.framework in Frameworks */,
				85CB40592B865CF93D261EF9 /* Pods_ISX_ISX_CabinCrew.framework in Frameworks */,
			);
			runOnlyForDeploymentPostprocessing = 0;
		};
		9ADCF9771F7A95F400DB3C5A /* Frameworks */ = {
			isa = PBXFrameworksBuildPhase;
			buildActionMask = 2147483647;
			files = (
				21822BBB739DF0A7DBCC3EA9 /* Pods_ISX.framework in Frameworks */,
			);
			runOnlyForDeploymentPostprocessing = 0;
		};
/* End PBXFrameworksBuildPhase section */

/* Begin PBXGroup section */
		51695934754E32D727535820 /* Frameworks */ = {
			isa = PBXGroup;
			children = (
				9A3883C81FA8BE5A00601EDD /* Pods_ISX.framework */,
				C38D4E50F0AF0B51E25C71B6 /* Pods_ISX.framework */,
				D024177099EE7950E6490A78 /* Pods_ISX_ISX_CabinCrew.framework */,
			);
			name = Frameworks;
			sourceTree = "<group>";
		};
		9A3883A81FA8BAEE00601EDD /* ISX-CabinCrew */ = {
			isa = PBXGroup;
			children = (
				A4250F711F83848A0069C483 /* LoginViewController.swift */,
				9A535EA61F84E164000AF927 /* CabinCrewViewController.swift */,
				9A74EEC11FC5C89C00411548 /* ISX-CabinCrew.entitlements */,
				9A74EEBF1FC5C77B00411548 /* GoogleService-Info.plist */,
				9A3883B21FA8BAEE00601EDD /* LaunchScreen.storyboard */,
				9A3883B51FA8BAEE00601EDD /* Info.plist */,
				9A5383931FCEED030018B16C /* AppDelegate.swift */,
			);
			path = "ISX-CabinCrew";
			sourceTree = "<group>";
		};
		9A3883CE1FA8C6C700601EDD /* Models */ = {
			isa = PBXGroup;
			children = (
				9ADCF9AF1F7B9CCA00DB3C5A /* Product.swift */,
				D530E3251F9747A500899DAB /* Category.swift */,
				D5AC6D661FB31256003378F1 /* Favorite.swift */,
				A431DE451FA9F68C00086182 /* Request.swift */,
				A47314991FC5AAA6007BB279 /* Flight.swift */,
				24386E7A1FE96B1D00252D4C /* House.swift */,
				D50553A51FEBB56400528ACB /* RequestDetail.swift */,
			);
			path = Models;
			sourceTree = "<group>";
		};
		9A3883D01FA8C6F600601EDD /* Storyboards */ = {
			isa = PBXGroup;
			children = (
				A431DE421FA9F65000086182 /* Launch Screen.storyboard */,
				9A535EA31F84E121000AF927 /* CabinCrew.storyboard */,
				9ADCF9811F7A95F400DB3C5A /* Main.storyboard */,
				D59398601F8386B000FD3BB0 /* Products.storyboard */,
				9AF872F51FB2204D0068C349 /* Favorites.storyboard */,
			);
			path = Storyboards;
			sourceTree = "<group>";
		};
		9A3883D11FA8C71A00601EDD /* Cells */ = {
			isa = PBXGroup;
			children = (
				D59398661F8397D200FD3BB0 /* CategoryCell.swift */,
				D501D0F11F8CDE2E007E8B2D /* ProductCell.swift */,
				A431DE4C1FA9F6B200086182 /* FavoritesCell.swift */,
				A431DE4B1FA9F6B200086182 /* RequestCell.swift */,
				2476D9C71F839FC200686C1E /* SuggestionCell.swift */,
				D5BD81861FCD680600FB99C4 /* CCFavoritesCell.swift */,
				D50179DB1FCDBB0700496950 /* ProductInfoCell.swift */,
				D50179DE1FCEC8D500496950 /* LocationInfoCell.swift */,
				D5E894E91FD6FF1C00626057 /* ProductDetailCell.swift */,
				A4AB1C3E1FC4658500E63D8D /* ProgressBarCell.swift */,
				240D97301FE12EBE000EAEA5 /* HouseCell.swift */,
				A4CADA851FE15ABC003F2DDA /* SearchCell.swift */,
			);
			path = Cells;
			sourceTree = "<group>";
		};
		9A7276F92006B7E400BF6D58 /* Xibs */ = {
			isa = PBXGroup;
			children = (
				A4CADA861FE15ABC003F2DDA /* searchCell.xib */,
				9A53838F1FCD6AA20018B16C /* popupView.xib */,
				D511FAB51FE024140088A420 /* requestPopupView.xib */,
			);
			path = Xibs;
			sourceTree = "<group>";
		};
		9ADCF9711F7A95F400DB3C5A = {
			isa = PBXGroup;
			children = (
				9ADCF97C1F7A95F400DB3C5A /* ISX */,
				9A3883A81FA8BAEE00601EDD /* ISX-CabinCrew */,
				9ADCF97B1F7A95F400DB3C5A /* Products */,
				B9A54404EAE2DC9A4CBDC10A /* Pods */,
				51695934754E32D727535820 /* Frameworks */,
				9AF69FBC1FB2177F00A74279 /* Recovered References */,
			);
			sourceTree = "<group>";
		};
		9ADCF97B1F7A95F400DB3C5A /* Products */ = {
			isa = PBXGroup;
			children = (
				9ADCF97A1F7A95F400DB3C5A /* ISX.app */,
				9A3883A71FA8BAEE00601EDD /* ISX-CabinCrew.app */,
			);
			name = Products;
			sourceTree = "<group>";
		};
		9ADCF97C1F7A95F400DB3C5A /* ISX */ = {
			isa = PBXGroup;
			children = (
				9A7276F92006B7E400BF6D58 /* Xibs */,
				9A3883D11FA8C71A00601EDD /* Cells */,
				9A3883D01FA8C6F600601EDD /* Storyboards */,
				9A3883CE1FA8C6C700601EDD /* Models */,
				9ADCF97D1F7A95F400DB3C5A /* AppDelegate.swift */,
				9ADCF9841F7A95F400DB3C5A /* Assets.xcassets */,
				9A8C72CB1FAB71E400322F8B /* art.scnassets */,
				9ADCF9891F7A95F400DB3C5A /* Info.plist */,
				9ADCF9AB1F7A979400DB3C5A /* GoogleService-Info.plist */,
				D5C19FE21FA9CDA800CCFFF7 /* BridgingHeader.h */,
				240F1A031F8CF36200702B4B /* Constants.swift */,
				D50A9A971FA9DF6300F697D1 /* GoogleAnalyticsHelper.swift */,
				2476DCA31F838B2A00E5B03F /* HomeViewController.swift */,
				D59398621F838AED00FD3BB0 /* CategoriesViewController.swift */,
				D59398681F84F13E00FD3BB0 /* ProductsViewController.swift */,
				9A8E617D1F8CCC6100E9C5BB /* FavoritesViewController.swift */,
				D565BF4B1F8E138800C922D7 /* ProductInfoController.swift */,
				A4B0B9B41F964409005D1291 /* SearchViewController.swift */,
				9A8C72CD1FAB761B00322F8B /* ARViewController.swift */,
				9A0A4CC21FBB4CD700F20758 /* HomeCollectionViewHeader.swift */,
				9A5383911FCD6ED50018B16C /* PopupViewController.swift */,
				D5968A961FC4581300EC4C4E /* RequestDetailViewController.swift */,
				9AE3B66B1FD30C7700F90EC4 /* WebViewController.swift */,
				240D972E1FE12E07000EAEA5 /* HousesViewController.swift */,
				240D97321FE139AC000EAEA5 /* HouseInfoViewController.swift */,
				D511FAB81FE027A50088A420 /* RequestPopupViewController.swift */,
				D54B91DB1FEBE70800CA1040 /* RequestFavoritesViewcontroller.swift */,
			);
			path = ISX;
			sourceTree = "<group>";
		};
		9AF69FBC1FB2177F00A74279 /* Recovered References */ = {
			isa = PBXGroup;
			children = (
				9A8E61791F8CC07600E9C5BB /* Favorites.storyboard */,
			);
			name = "Recovered References";
			sourceTree = "<group>";
		};
		B9A54404EAE2DC9A4CBDC10A /* Pods */ = {
			isa = PBXGroup;
			children = (
				5CDAECF6339464562D6F26FD /* Pods-ISX.debug.xcconfig */,
				6CE845F22957F29FC7F91E47 /* Pods-ISX.release.xcconfig */,
				C593B991095988968F1A1104 /* Pods-ISXTests.release.xcconfig */,
				18D772D564BF10BE68A5145E /* Pods-ISXUITests.debug.xcconfig */,
				F0A7686F6573F85C7822AF0A /* Pods-ISX-ISX-CabinCrew.debug.xcconfig */,
				510F5BF1DDADDA8962F02269 /* Pods-ISX-ISX-CabinCrew.release.xcconfig */,
			);
			name = Pods;
			sourceTree = "<group>";
		};
/* End PBXGroup section */

/* Begin PBXHeadersBuildPhase section */
		2423D90F1FB1F3A200D5EF17 /* Headers */ = {
			isa = PBXHeadersBuildPhase;
			buildActionMask = 2147483647;
			files = (
				2423D9101FB1F3AB00D5EF17 /* BridgingHeader.h in Headers */,
			);
			runOnlyForDeploymentPostprocessing = 0;
		};
		D5C19FE01FA8CAC400CCFFF7 /* Headers */ = {
			isa = PBXHeadersBuildPhase;
			buildActionMask = 2147483647;
			files = (
				D50A9A961FA9DA6600F697D1 /* BridgingHeader.h in Headers */,
			);
			runOnlyForDeploymentPostprocessing = 0;
		};
/* End PBXHeadersBuildPhase section */

/* Begin PBXNativeTarget section */
		9A3883A61FA8BAEE00601EDD /* ISX-CabinCrew */ = {
			isa = PBXNativeTarget;
			buildConfigurationList = 9A3883B61FA8BAEE00601EDD /* Build configuration list for PBXNativeTarget "ISX-CabinCrew" */;
			buildPhases = (
				ADD9D1898FA840E97EA971A5 /* [CP] Check Pods Manifest.lock */,
				9A3883A31FA8BAEE00601EDD /* Sources */,
				9A3883A41FA8BAEE00601EDD /* Frameworks */,
				9A3883A51FA8BAEE00601EDD /* Resources */,
				1FA0E35B2AA4CC25C3068AB2 /* [CP] Embed Pods Frameworks */,
				2A6251AE4353224A98E993FF /* [CP] Copy Pods Resources */,
				2423D90F1FB1F3A200D5EF17 /* Headers */,
			);
			buildRules = (
			);
			dependencies = (
			);
			name = "ISX-CabinCrew";
			productName = "ISX-CabinCrew";
			productReference = 9A3883A71FA8BAEE00601EDD /* ISX-CabinCrew.app */;
			productType = "com.apple.product-type.application";
		};
		9ADCF9791F7A95F400DB3C5A /* ISX */ = {
			isa = PBXNativeTarget;
			buildConfigurationList = 9ADCF9A21F7A95F400DB3C5A /* Build configuration list for PBXNativeTarget "ISX" */;
			buildPhases = (
				88EBDB469FC35B11C7850738 /* [CP] Check Pods Manifest.lock */,
				9ADCF9761F7A95F400DB3C5A /* Sources */,
				9ADCF9771F7A95F400DB3C5A /* Frameworks */,
				9ADCF9781F7A95F400DB3C5A /* Resources */,
				ED78E0BF91517A0FB4703D39 /* [CP] Embed Pods Frameworks */,
				195D4FAAC53CE846D772A974 /* [CP] Copy Pods Resources */,
				D5C19FE01FA8CAC400CCFFF7 /* Headers */,
			);
			buildRules = (
			);
			dependencies = (
			);
			name = ISX;
			productName = ISX;
			productReference = 9ADCF97A1F7A95F400DB3C5A /* ISX.app */;
			productType = "com.apple.product-type.application";
		};
/* End PBXNativeTarget section */

/* Begin PBXProject section */
		9ADCF9721F7A95F400DB3C5A /* Project object */ = {
			isa = PBXProject;
			attributes = {
				LastSwiftUpdateCheck = 0900;
				LastUpgradeCheck = 0920;
				ORGANIZATIONNAME = "Maren Osnabrug";
				TargetAttributes = {
					9A3883A61FA8BAEE00601EDD = {
						CreatedOnToolsVersion = 9.0.1;
						ProvisioningStyle = Automatic;
						SystemCapabilities = {
							com.apple.Push = {
								enabled = 1;
							};
						};
					};
					9ADCF9791F7A95F400DB3C5A = {
						CreatedOnToolsVersion = 9.0;
						ProvisioningStyle = Automatic;
					};
				};
			};
			buildConfigurationList = 9ADCF9751F7A95F400DB3C5A /* Build configuration list for PBXProject "ISX" */;
			compatibilityVersion = "Xcode 8.0";
			developmentRegion = en;
			hasScannedForEncodings = 0;
			knownRegions = (
				en,
				Base,
			);
			mainGroup = 9ADCF9711F7A95F400DB3C5A;
			productRefGroup = 9ADCF97B1F7A95F400DB3C5A /* Products */;
			projectDirPath = "";
			projectRoot = "";
			targets = (
				9ADCF9791F7A95F400DB3C5A /* ISX */,
				9A3883A61FA8BAEE00601EDD /* ISX-CabinCrew */,
			);
		};
/* End PBXProject section */

/* Begin PBXResourcesBuildPhase section */
		9A3883A51FA8BAEE00601EDD /* Resources */ = {
			isa = PBXResourcesBuildPhase;
			buildActionMask = 2147483647;
			files = (
				9A7003CE1FCF64F500D2F769 /* Products.storyboard in Resources */,
				9A74EEC01FC5C77B00411548 /* GoogleService-Info.plist in Resources */,
				A458C9B61FA9DC4800F970DD /* GoogleService-Info.plist in Resources */,
				9A3883C41FA8BD4A00601EDD /* CabinCrew.storyboard in Resources */,
				A431DE441FA9F65000086182 /* Launch Screen.storyboard in Resources */,
				D511FAB61FE024140088A420 /* requestPopupView.xib in Resources */,
				D511FAB41FE023DC0088A420 /* popupView.xib in Resources */,
				9A3883B41FA8BAEE00601EDD /* LaunchScreen.storyboard in Resources */,
				9AF872F71FB2204D0068C349 /* Favorites.storyboard in Resources */,
				9AE3B6711FD3480C00F90EC4 /* Assets.xcassets in Resources */,
			);
			runOnlyForDeploymentPostprocessing = 0;
		};
		9ADCF9781F7A95F400DB3C5A /* Resources */ = {
			isa = PBXResourcesBuildPhase;
			buildActionMask = 2147483647;
			files = (
				9ADCF9AC1F7A98D100DB3C5A /* GoogleService-Info.plist in Resources */,
				9A8C72CC1FAB71E400322F8B /* art.scnassets in Resources */,
				9A3883CC1FA8C28200601EDD /* Main.storyboard in Resources */,
				D59398611F8386B000FD3BB0 /* Products.storyboard in Resources */,
				9A5383901FCD6AA20018B16C /* popupView.xib in Resources */,
				9AF872F61FB2204D0068C349 /* Favorites.storyboard in Resources */,
				9A4CB8962004F1D400E56179 /* searchCell.xib in Resources */,
				9AE3B66F1FD3480100F90EC4 /* Assets.xcassets in Resources */,
				A431DE431FA9F65000086182 /* Launch Screen.storyboard in Resources */,
			);
			runOnlyForDeploymentPostprocessing = 0;
		};
/* End PBXResourcesBuildPhase section */

/* Begin PBXShellScriptBuildPhase section */
		195D4FAAC53CE846D772A974 /* [CP] Copy Pods Resources */ = {
			isa = PBXShellScriptBuildPhase;
			buildActionMask = 2147483647;
			files = (
			);
			inputPaths = (
			);
			name = "[CP] Copy Pods Resources";
			outputPaths = (
			);
			runOnlyForDeploymentPostprocessing = 0;
			shellPath = /bin/sh;
			shellScript = "\"${SRCROOT}/Pods/Target Support Files/Pods-ISX/Pods-ISX-resources.sh\"\n";
			showEnvVarsInLog = 0;
		};
		1FA0E35B2AA4CC25C3068AB2 /* [CP] Embed Pods Frameworks */ = {
			isa = PBXShellScriptBuildPhase;
			buildActionMask = 2147483647;
			files = (
			);
			inputPaths = (
				"${SRCROOT}/Pods/Target Support Files/Pods-ISX-ISX-CabinCrew/Pods-ISX-ISX-CabinCrew-frameworks.sh",
				"${BUILT_PRODUCTS_DIR}/GTMSessionFetcher/GTMSessionFetcher.framework",
				"${BUILT_PRODUCTS_DIR}/GoogleToolboxForMac/GoogleToolboxForMac.framework",
				"${BUILT_PRODUCTS_DIR}/NVActivityIndicatorView/NVActivityIndicatorView.framework",
				"${BUILT_PRODUCTS_DIR}/PopupDialog/PopupDialog.framework",
				"${BUILT_PRODUCTS_DIR}/Protobuf/Protobuf.framework",
				"${BUILT_PRODUCTS_DIR}/nanopb/nanopb.framework",
			);
			name = "[CP] Embed Pods Frameworks";
			outputPaths = (
				"${TARGET_BUILD_DIR}/${FRAMEWORKS_FOLDER_PATH}/GTMSessionFetcher.framework",
				"${TARGET_BUILD_DIR}/${FRAMEWORKS_FOLDER_PATH}/GoogleToolboxForMac.framework",
				"${TARGET_BUILD_DIR}/${FRAMEWORKS_FOLDER_PATH}/NVActivityIndicatorView.framework",
				"${TARGET_BUILD_DIR}/${FRAMEWORKS_FOLDER_PATH}/PopupDialog.framework",
				"${TARGET_BUILD_DIR}/${FRAMEWORKS_FOLDER_PATH}/Protobuf.framework",
				"${TARGET_BUILD_DIR}/${FRAMEWORKS_FOLDER_PATH}/nanopb.framework",
			);
			runOnlyForDeploymentPostprocessing = 0;
			shellPath = /bin/sh;
			shellScript = "\"${SRCROOT}/Pods/Target Support Files/Pods-ISX-ISX-CabinCrew/Pods-ISX-ISX-CabinCrew-frameworks.sh\"\n";
			showEnvVarsInLog = 0;
		};
		2A6251AE4353224A98E993FF /* [CP] Copy Pods Resources */ = {
			isa = PBXShellScriptBuildPhase;
			buildActionMask = 2147483647;
			files = (
			);
			inputPaths = (
			);
			name = "[CP] Copy Pods Resources";
			outputPaths = (
			);
			runOnlyForDeploymentPostprocessing = 0;
			shellPath = /bin/sh;
			shellScript = "\"${SRCROOT}/Pods/Target Support Files/Pods-ISX-ISX-CabinCrew/Pods-ISX-ISX-CabinCrew-resources.sh\"\n";
			showEnvVarsInLog = 0;
		};
		88EBDB469FC35B11C7850738 /* [CP] Check Pods Manifest.lock */ = {
			isa = PBXShellScriptBuildPhase;
			buildActionMask = 2147483647;
			files = (
			);
			inputPaths = (
				"${PODS_PODFILE_DIR_PATH}/Podfile.lock",
				"${PODS_ROOT}/Manifest.lock",
			);
			name = "[CP] Check Pods Manifest.lock";
			outputPaths = (
				"$(DERIVED_FILE_DIR)/Pods-ISX-checkManifestLockResult.txt",
			);
			runOnlyForDeploymentPostprocessing = 0;
			shellPath = /bin/sh;
			shellScript = "diff \"${PODS_PODFILE_DIR_PATH}/Podfile.lock\" \"${PODS_ROOT}/Manifest.lock\" > /dev/null\nif [ $? != 0 ] ; then\n    # print error to STDERR\n    echo \"error: The sandbox is not in sync with the Podfile.lock. Run 'pod install' or update your CocoaPods installation.\" >&2\n    exit 1\nfi\n# This output is used by Xcode 'outputs' to avoid re-running this script phase.\necho \"SUCCESS\" > \"${SCRIPT_OUTPUT_FILE_0}\"\n";
			showEnvVarsInLog = 0;
		};
		ADD9D1898FA840E97EA971A5 /* [CP] Check Pods Manifest.lock */ = {
			isa = PBXShellScriptBuildPhase;
			buildActionMask = 2147483647;
			files = (
			);
			inputPaths = (
				"${PODS_PODFILE_DIR_PATH}/Podfile.lock",
				"${PODS_ROOT}/Manifest.lock",
			);
			name = "[CP] Check Pods Manifest.lock";
			outputPaths = (
				"$(DERIVED_FILE_DIR)/Pods-ISX-ISX-CabinCrew-checkManifestLockResult.txt",
			);
			runOnlyForDeploymentPostprocessing = 0;
			shellPath = /bin/sh;
			shellScript = "diff \"${PODS_PODFILE_DIR_PATH}/Podfile.lock\" \"${PODS_ROOT}/Manifest.lock\" > /dev/null\nif [ $? != 0 ] ; then\n    # print error to STDERR\n    echo \"error: The sandbox is not in sync with the Podfile.lock. Run 'pod install' or update your CocoaPods installation.\" >&2\n    exit 1\nfi\n# This output is used by Xcode 'outputs' to avoid re-running this script phase.\necho \"SUCCESS\" > \"${SCRIPT_OUTPUT_FILE_0}\"\n";
			showEnvVarsInLog = 0;
		};
		ED78E0BF91517A0FB4703D39 /* [CP] Embed Pods Frameworks */ = {
			isa = PBXShellScriptBuildPhase;
			buildActionMask = 2147483647;
			files = (
			);
			inputPaths = (
				"${SRCROOT}/Pods/Target Support Files/Pods-ISX/Pods-ISX-frameworks.sh",
				"${BUILT_PRODUCTS_DIR}/GTMSessionFetcher/GTMSessionFetcher.framework",
				"${BUILT_PRODUCTS_DIR}/GoogleToolboxForMac/GoogleToolboxForMac.framework",
				"${BUILT_PRODUCTS_DIR}/NVActivityIndicatorView/NVActivityIndicatorView.framework",
				"${BUILT_PRODUCTS_DIR}/PopupDialog/PopupDialog.framework",
				"${BUILT_PRODUCTS_DIR}/Protobuf/Protobuf.framework",
				"${BUILT_PRODUCTS_DIR}/nanopb/nanopb.framework",
			);
			name = "[CP] Embed Pods Frameworks";
			outputPaths = (
				"${TARGET_BUILD_DIR}/${FRAMEWORKS_FOLDER_PATH}/GTMSessionFetcher.framework",
				"${TARGET_BUILD_DIR}/${FRAMEWORKS_FOLDER_PATH}/GoogleToolboxForMac.framework",
				"${TARGET_BUILD_DIR}/${FRAMEWORKS_FOLDER_PATH}/NVActivityIndicatorView.framework",
				"${TARGET_BUILD_DIR}/${FRAMEWORKS_FOLDER_PATH}/PopupDialog.framework",
				"${TARGET_BUILD_DIR}/${FRAMEWORKS_FOLDER_PATH}/Protobuf.framework",
				"${TARGET_BUILD_DIR}/${FRAMEWORKS_FOLDER_PATH}/nanopb.framework",
			);
			runOnlyForDeploymentPostprocessing = 0;
			shellPath = /bin/sh;
			shellScript = "\"${SRCROOT}/Pods/Target Support Files/Pods-ISX/Pods-ISX-frameworks.sh\"\n";
			showEnvVarsInLog = 0;
		};
/* End PBXShellScriptBuildPhase section */

/* Begin PBXSourcesBuildPhase section */
		9A3883A31FA8BAEE00601EDD /* Sources */ = {
			isa = PBXSourcesBuildPhase;
			buildActionMask = 2147483647;
			files = (
				A47314981FC57A66007BB279 /* ProgressBarCell.swift in Sources */,
				D5E894EA1FD6FF1C00626057 /* ProductDetailCell.swift in Sources */,
				9A3883C11FA8BCDA00601EDD /* LoginViewController.swift in Sources */,
				9A3883BE1FA8BCB900601EDD /* Constants.swift in Sources */,
				9A3883C51FA8BD4F00601EDD /* CabinCrewViewController.swift in Sources */,
				A431DE471FA9F68C00086182 /* Request.swift in Sources */,
				A431DE4E1FA9F6B200086182 /* RequestCell.swift in Sources */,
				D50553A71FEBB56400528ACB /* RequestDetail.swift in Sources */,
				D50179DD1FCDBB2800496950 /* ProductInfoCell.swift in Sources */,
				9A3883C31FA8BD4100601EDD /* Product.swift in Sources */,
				D5968A981FC458A700EC4C4E /* RequestDetailViewController.swift in Sources */,
				D5BD81881FCD680B00FB99C4 /* CCFavoritesCell.swift in Sources */,
				D5BD81891FCD73E900FB99C4 /* Favorite.swift in Sources */,
				9A3883CF1FA8C6DB00601EDD /* Category.swift in Sources */,
				D511FAB91FE027A50088A420 /* RequestPopupViewController.swift in Sources */,
				D50179E41FCECD9900496950 /* LocationInfoCell.swift in Sources */,
				D54B91DC1FEBE70800CA1040 /* RequestFavoritesViewcontroller.swift in Sources */,
				A473149B1FC5C03B007BB279 /* Flight.swift in Sources */,
				9A5383941FCEED030018B16C /* AppDelegate.swift in Sources */,
				A431DE501FA9F6B200086182 /* FavoritesCell.swift in Sources */,
			);
			runOnlyForDeploymentPostprocessing = 0;
		};
		9ADCF9761F7A95F400DB3C5A /* Sources */ = {
			isa = PBXSourcesBuildPhase;
			buildActionMask = 2147483647;
			files = (
				A4B0B9B51F964409005D1291 /* SearchViewController.swift in Sources */,
				D501D0F21F8CDE2E007E8B2D /* ProductCell.swift in Sources */,
				9A0A4CC31FBB4CD700F20758 /* HomeCollectionViewHeader.swift in Sources */,
				9A5383921FCD6ED50018B16C /* PopupViewController.swift in Sources */,
				D59398671F8397D200FD3BB0 /* CategoryCell.swift in Sources */,
				9A8C72CE1FAB761B00322F8B /* ARViewController.swift in Sources */,
				9AE3B66C1FD30C7700F90EC4 /* WebViewController.swift in Sources */,
				A431DE461FA9F68C00086182 /* Request.swift in Sources */,
				D50553A61FEBB56400528ACB /* RequestDetail.swift in Sources */,
				D530E3261F9747A500899DAB /* Category.swift in Sources */,
				D59398631F838AED00FD3BB0 /* CategoriesViewController.swift in Sources */,
				A473149A1FC5AAA6007BB279 /* Flight.swift in Sources */,
				240F1A041F8CF36200702B4B /* Constants.swift in Sources */,
				240D972F1FE12E07000EAEA5 /* HousesViewController.swift in Sources */,
				A4CADA871FE15ABC003F2DDA /* SearchCell.swift in Sources */,
				D5AC6D671FB31256003378F1 /* Favorite.swift in Sources */,
				2476D9C81F839FC200686C1E /* SuggestionCell.swift in Sources */,
				D50A9A991FA9F23E00F697D1 /* GoogleAnalyticsHelper.swift in Sources */,
				24386E7B1FE96B1D00252D4C /* House.swift in Sources */,
				D565BF4C1F8E138800C922D7 /* ProductInfoController.swift in Sources */,
				A431DE4D1FA9F6B200086182 /* RequestCell.swift in Sources */,
				240D97311FE12EBE000EAEA5 /* HouseCell.swift in Sources */,
				D59398691F84F13E00FD3BB0 /* ProductsViewController.swift in Sources */,
				A431DE4F1FA9F6B200086182 /* FavoritesCell.swift in Sources */,
				9ADCF97E1F7A95F400DB3C5A /* AppDelegate.swift in Sources */,
				240D97331FE139AC000EAEA5 /* HouseInfoViewController.swift in Sources */,
				2476DCA41F838B2A00E5B03F /* HomeViewController.swift in Sources */,
				9ADCF9B01F7B9CCA00DB3C5A /* Product.swift in Sources */,
				9A8E617E1F8CCC6100E9C5BB /* FavoritesViewController.swift in Sources */,
			);
			runOnlyForDeploymentPostprocessing = 0;
		};
/* End PBXSourcesBuildPhase section */

/* Begin PBXVariantGroup section */
		9A3883B21FA8BAEE00601EDD /* LaunchScreen.storyboard */ = {
			isa = PBXVariantGroup;
			children = (
				9A3883B31FA8BAEE00601EDD /* Base */,
			);
			name = LaunchScreen.storyboard;
			sourceTree = "<group>";
		};
		9A535EA31F84E121000AF927 /* CabinCrew.storyboard */ = {
			isa = PBXVariantGroup;
			children = (
				9A535EA41F84E121000AF927 /* Base */,
			);
			name = CabinCrew.storyboard;
			sourceTree = "<group>";
		};
		9ADCF9811F7A95F400DB3C5A /* Main.storyboard */ = {
			isa = PBXVariantGroup;
			children = (
				9ADCF9821F7A95F400DB3C5A /* Base */,
			);
			name = Main.storyboard;
			sourceTree = "<group>";
		};
/* End PBXVariantGroup section */

/* Begin XCBuildConfiguration section */
		9A3883B71FA8BAEE00601EDD /* Debug */ = {
			isa = XCBuildConfiguration;
			baseConfigurationReference = F0A7686F6573F85C7822AF0A /* Pods-ISX-ISX-CabinCrew.debug.xcconfig */;
			buildSettings = {
				ASSETCATALOG_COMPILER_APPICON_NAME = AppIconCabinCrew;
				CODE_SIGN_ENTITLEMENTS = "ISX-CabinCrew/ISX-CabinCrew.entitlements";
				CODE_SIGN_STYLE = Automatic;
				DEVELOPMENT_TEAM = KDLWUU4ZNP;
				INFOPLIST_FILE = "ISX-CabinCrew/Info.plist";
				IPHONEOS_DEPLOYMENT_TARGET = 11.0;
				LD_RUNPATH_SEARCH_PATHS = "$(inherited) @executable_path/Frameworks";
				NEW_SETTING = "";
				PRODUCT_BUNDLE_IDENTIFIER = com.klm.isx;
				PRODUCT_NAME = "$(TARGET_NAME)";
				SWIFT_OBJC_BRIDGING_HEADER = ISX/BridgingHeader.h;
				SWIFT_VERSION = 4.0;
				TARGETED_DEVICE_FAMILY = "1,2";
			};
			name = Debug;
		};
		9A3883B81FA8BAEE00601EDD /* Release */ = {
			isa = XCBuildConfiguration;
			baseConfigurationReference = 510F5BF1DDADDA8962F02269 /* Pods-ISX-ISX-CabinCrew.release.xcconfig */;
			buildSettings = {
				ASSETCATALOG_COMPILER_APPICON_NAME = AppIconCabinCrew;
				CODE_SIGN_ENTITLEMENTS = "ISX-CabinCrew/ISX-CabinCrew.entitlements";
				CODE_SIGN_STYLE = Automatic;
				DEVELOPMENT_TEAM = KDLWUU4ZNP;
				INFOPLIST_FILE = "ISX-CabinCrew/Info.plist";
				IPHONEOS_DEPLOYMENT_TARGET = 11.0;
				LD_RUNPATH_SEARCH_PATHS = "$(inherited) @executable_path/Frameworks";
				NEW_SETTING = "";
				PRODUCT_BUNDLE_IDENTIFIER = com.klm.isx;
				PRODUCT_NAME = "$(TARGET_NAME)";
				SWIFT_OBJC_BRIDGING_HEADER = ISX/BridgingHeader.h;
				SWIFT_VERSION = 4.0;
				TARGETED_DEVICE_FAMILY = "1,2";
			};
			name = Release;
		};
		9ADCF9A01F7A95F400DB3C5A /* Debug */ = {
			isa = XCBuildConfiguration;
			buildSettings = {
				ALWAYS_SEARCH_USER_PATHS = NO;
				CLANG_ANALYZER_LOCALIZABILITY_NONLOCALIZED = YES;
				CLANG_ANALYZER_NONNULL = YES;
				CLANG_ANALYZER_NUMBER_OBJECT_CONVERSION = YES_AGGRESSIVE;
				CLANG_CXX_LANGUAGE_STANDARD = "gnu++14";
				CLANG_CXX_LIBRARY = "libc++";
				CLANG_ENABLE_MODULES = YES;
				CLANG_ENABLE_OBJC_ARC = YES;
				CLANG_WARN_BLOCK_CAPTURE_AUTORELEASING = YES;
				CLANG_WARN_BOOL_CONVERSION = YES;
				CLANG_WARN_COMMA = YES;
				CLANG_WARN_CONSTANT_CONVERSION = YES;
				CLANG_WARN_DIRECT_OBJC_ISA_USAGE = YES_ERROR;
				CLANG_WARN_DOCUMENTATION_COMMENTS = YES;
				CLANG_WARN_EMPTY_BODY = YES;
				CLANG_WARN_ENUM_CONVERSION = YES;
				CLANG_WARN_INFINITE_RECURSION = YES;
				CLANG_WARN_INT_CONVERSION = YES;
				CLANG_WARN_NON_LITERAL_NULL_CONVERSION = YES;
				CLANG_WARN_OBJC_LITERAL_CONVERSION = YES;
				CLANG_WARN_OBJC_ROOT_CLASS = YES_ERROR;
				CLANG_WARN_RANGE_LOOP_ANALYSIS = YES;
				CLANG_WARN_STRICT_PROTOTYPES = YES;
				CLANG_WARN_SUSPICIOUS_MOVE = YES;
				CLANG_WARN_UNGUARDED_AVAILABILITY = YES_AGGRESSIVE;
				CLANG_WARN_UNREACHABLE_CODE = YES;
				CLANG_WARN__DUPLICATE_METHOD_MATCH = YES;
				CODE_SIGN_IDENTITY = "iPhone Developer";
				COPY_PHASE_STRIP = NO;
				DEBUG_INFORMATION_FORMAT = dwarf;
				ENABLE_STRICT_OBJC_MSGSEND = YES;
				ENABLE_TESTABILITY = YES;
				GCC_C_LANGUAGE_STANDARD = gnu11;
				GCC_DYNAMIC_NO_PIC = NO;
				GCC_NO_COMMON_BLOCKS = YES;
				GCC_OPTIMIZATION_LEVEL = 0;
				GCC_PREPROCESSOR_DEFINITIONS = (
					"DEBUG=1",
					"$(inherited)",
				);
				GCC_WARN_64_TO_32_BIT_CONVERSION = YES;
				GCC_WARN_ABOUT_RETURN_TYPE = YES_ERROR;
				GCC_WARN_UNDECLARED_SELECTOR = YES;
				GCC_WARN_UNINITIALIZED_AUTOS = YES_AGGRESSIVE;
				GCC_WARN_UNUSED_FUNCTION = YES;
				GCC_WARN_UNUSED_VARIABLE = YES;
				IPHONEOS_DEPLOYMENT_TARGET = 11.0;
				MTL_ENABLE_DEBUG_INFO = YES;
				ONLY_ACTIVE_ARCH = YES;
				SDKROOT = iphoneos;
				SWIFT_ACTIVE_COMPILATION_CONDITIONS = DEBUG;
				SWIFT_OPTIMIZATION_LEVEL = "-Onone";
			};
			name = Debug;
		};
		9ADCF9A11F7A95F400DB3C5A /* Release */ = {
			isa = XCBuildConfiguration;
			buildSettings = {
				ALWAYS_SEARCH_USER_PATHS = NO;
				CLANG_ANALYZER_LOCALIZABILITY_NONLOCALIZED = YES;
				CLANG_ANALYZER_NONNULL = YES;
				CLANG_ANALYZER_NUMBER_OBJECT_CONVERSION = YES_AGGRESSIVE;
				CLANG_CXX_LANGUAGE_STANDARD = "gnu++14";
				CLANG_CXX_LIBRARY = "libc++";
				CLANG_ENABLE_MODULES = YES;
				CLANG_ENABLE_OBJC_ARC = YES;
				CLANG_WARN_BLOCK_CAPTURE_AUTORELEASING = YES;
				CLANG_WARN_BOOL_CONVERSION = YES;
				CLANG_WARN_COMMA = YES;
				CLANG_WARN_CONSTANT_CONVERSION = YES;
				CLANG_WARN_DIRECT_OBJC_ISA_USAGE = YES_ERROR;
				CLANG_WARN_DOCUMENTATION_COMMENTS = YES;
				CLANG_WARN_EMPTY_BODY = YES;
				CLANG_WARN_ENUM_CONVERSION = YES;
				CLANG_WARN_INFINITE_RECURSION = YES;
				CLANG_WARN_INT_CONVERSION = YES;
				CLANG_WARN_NON_LITERAL_NULL_CONVERSION = YES;
				CLANG_WARN_OBJC_LITERAL_CONVERSION = YES;
				CLANG_WARN_OBJC_ROOT_CLASS = YES_ERROR;
				CLANG_WARN_RANGE_LOOP_ANALYSIS = YES;
				CLANG_WARN_STRICT_PROTOTYPES = YES;
				CLANG_WARN_SUSPICIOUS_MOVE = YES;
				CLANG_WARN_UNGUARDED_AVAILABILITY = YES_AGGRESSIVE;
				CLANG_WARN_UNREACHABLE_CODE = YES;
				CLANG_WARN__DUPLICATE_METHOD_MATCH = YES;
				CODE_SIGN_IDENTITY = "iPhone Developer";
				COPY_PHASE_STRIP = NO;
				DEBUG_INFORMATION_FORMAT = "dwarf-with-dsym";
				ENABLE_NS_ASSERTIONS = NO;
				ENABLE_STRICT_OBJC_MSGSEND = YES;
				GCC_C_LANGUAGE_STANDARD = gnu11;
				GCC_NO_COMMON_BLOCKS = YES;
				GCC_WARN_64_TO_32_BIT_CONVERSION = YES;
				GCC_WARN_ABOUT_RETURN_TYPE = YES_ERROR;
				GCC_WARN_UNDECLARED_SELECTOR = YES;
				GCC_WARN_UNINITIALIZED_AUTOS = YES_AGGRESSIVE;
				GCC_WARN_UNUSED_FUNCTION = YES;
				GCC_WARN_UNUSED_VARIABLE = YES;
				IPHONEOS_DEPLOYMENT_TARGET = 11.0;
				MTL_ENABLE_DEBUG_INFO = NO;
				SDKROOT = iphoneos;
				SWIFT_OPTIMIZATION_LEVEL = "-Owholemodule";
				VALIDATE_PRODUCT = YES;
			};
			name = Release;
		};
		9ADCF9A31F7A95F400DB3C5A /* Debug */ = {
			isa = XCBuildConfiguration;
			baseConfigurationReference = 5CDAECF6339464562D6F26FD /* Pods-ISX.debug.xcconfig */;
			buildSettings = {
				ASSETCATALOG_COMPILER_APPICON_NAME = AppIcon;
				"CODE_SIGN_IDENTITY[sdk=iphoneos*]" = "iPhone Developer";
				CODE_SIGN_STYLE = Automatic;
				DEVELOPMENT_TEAM = KDLWUU4ZNP;
				INFOPLIST_FILE = ISX/Info.plist;
				LD_RUNPATH_SEARCH_PATHS = "$(inherited) @executable_path/Frameworks";
				PRODUCT_BUNDLE_IDENTIFIER = KLM.ISX.;
				PRODUCT_NAME = "$(TARGET_NAME)";
				PROVISIONING_PROFILE_SPECIFIER = "";
				SWIFT_OBJC_BRIDGING_HEADER = ISX/BridgingHeader.h;
				SWIFT_VERSION = 4.0;
				TARGETED_DEVICE_FAMILY = "1,2";
			};
			name = Debug;
		};
		9ADCF9A41F7A95F400DB3C5A /* Release */ = {
			isa = XCBuildConfiguration;
			baseConfigurationReference = 6CE845F22957F29FC7F91E47 /* Pods-ISX.release.xcconfig */;
			buildSettings = {
				ASSETCATALOG_COMPILER_APPICON_NAME = AppIcon;
				"CODE_SIGN_IDENTITY[sdk=iphoneos*]" = "iPhone Developer";
				CODE_SIGN_STYLE = Automatic;
				DEVELOPMENT_TEAM = KDLWUU4ZNP;
				INFOPLIST_FILE = ISX/Info.plist;
				LD_RUNPATH_SEARCH_PATHS = "$(inherited) @executable_path/Frameworks";
				PRODUCT_BUNDLE_IDENTIFIER = KLM.ISX.;
				PRODUCT_NAME = "$(TARGET_NAME)";
				PROVISIONING_PROFILE_SPECIFIER = "";
				SWIFT_OBJC_BRIDGING_HEADER = ISX/BridgingHeader.h;
				SWIFT_VERSION = 4.0;
				TARGETED_DEVICE_FAMILY = "1,2";
			};
			name = Release;
		};
/* End XCBuildConfiguration section */

/* Begin XCConfigurationList section */
		9A3883B61FA8BAEE00601EDD /* Build configuration list for PBXNativeTarget "ISX-CabinCrew" */ = {
			isa = XCConfigurationList;
			buildConfigurations = (
				9A3883B71FA8BAEE00601EDD /* Debug */,
				9A3883B81FA8BAEE00601EDD /* Release */,
			);
			defaultConfigurationIsVisible = 0;
			defaultConfigurationName = Release;
		};
		9ADCF9751F7A95F400DB3C5A /* Build configuration list for PBXProject "ISX" */ = {
			isa = XCConfigurationList;
			buildConfigurations = (
				9ADCF9A01F7A95F400DB3C5A /* Debug */,
				9ADCF9A11F7A95F400DB3C5A /* Release */,
			);
			defaultConfigurationIsVisible = 0;
			defaultConfigurationName = Release;
		};
		9ADCF9A21F7A95F400DB3C5A /* Build configuration list for PBXNativeTarget "ISX" */ = {
			isa = XCConfigurationList;
			buildConfigurations = (
				9ADCF9A31F7A95F400DB3C5A /* Debug */,
				9ADCF9A41F7A95F400DB3C5A /* Release */,
			);
			defaultConfigurationIsVisible = 0;
			defaultConfigurationName = Release;
		};
/* End XCConfigurationList section */
	};
	rootObject = 9ADCF9721F7A95F400DB3C5A /* Project object */;
}
